
Microsoft Visual Studio Solution File, Format Version 12.00
# Visual Studio 15
VisualStudioVersion = 15.0.28010.2016
MinimumVisualStudioVersion = 10.0.40219.1
Project("{FAE04EC0-301F-11D3-BF4B-00C04F79EFBC}") = "RowdyRacers.GUI", "RowdyRacers.GUI\RowdyRacers.GUI.csproj", "{4A854C4A-4C93-469E-94F1-BC58B6F18FAE}"
EndProject
Project("{FAE04EC0-301F-11D3-BF4B-00C04F79EFBC}") = "RowdyRacers.Domain", "RowdyRacers.Domain\RowdyRacers.Domain.csproj", "{A4F214E7-73FE-410C-90EF-122F74E5B241}"
EndProject
Project("{FAE04EC0-301F-11D3-BF4B-00C04F79EFBC}") = "RowdyRacers.GUI.Model", "RowdyRacers.GUI.Model\RowdyRacers.GUI.Model.csproj", "{A6C5D55E-DCE8-4F53-8F9D-5CA6CC7EAEAD}"
EndProject
Global
	GlobalSection(SolutionConfigurationPlatforms) = preSolution
		Debug|Any CPU = Debug|Any CPU
		Release|Any CPU = Release|Any CPU
	EndGlobalSection
	GlobalSection(ProjectConfigurationPlatforms) = postSolution
		{4A854C4A-4C93-469E-94F1-BC58B6F18FAE}.Debug|Any CPU.ActiveCfg = Debug|Any CPU
		{4A854C4A-4C93-469E-94F1-BC58B6F18FAE}.Debug|Any CPU.Build.0 = Debug|Any CPU
		{4A854C4A-4C93-469E-94F1-BC58B6F18FAE}.Release|Any CPU.ActiveCfg = Release|Any CPU
		{4A854C4A-4C93-469E-94F1-BC58B6F18FAE}.Release|Any CPU.Build.0 = Release|Any CPU
		{A4F214E7-73FE-410C-90EF-122F74E5B241}.Debug|Any CPU.ActiveCfg = Debug|Any CPU
		{A4F214E7-73FE-410C-90EF-122F74E5B241}.Debug|Any CPU.Build.0 = Debug|Any CPU
		{A4F214E7-73FE-410C-90EF-122F74E5B241}.Release|Any CPU.ActiveCfg = Release|Any CPU
		{A4F214E7-73FE-410C-90EF-122F74E5B241}.Release|Any CPU.Build.0 = Release|Any CPU
		{A6C5D55E-DCE8-4F53-8F9D-5CA6CC7EAEAD}.Debug|Any CPU.ActiveCfg = Debug|Any CPU
		{A6C5D55E-DCE8-4F53-8F9D-5CA6CC7EAEAD}.Debug|Any CPU.Build.0 = Debug|Any CPU
		{A6C5D55E-DCE8-4F53-8F9D-5CA6CC7EAEAD}.Release|Any CPU.ActiveCfg = Release|Any CPU
		{A6C5D55E-DCE8-4F53-8F9D-5CA6CC7EAEAD}.Release|Any CPU.Build.0 = Release|Any CPU
	EndGlobalSection
	GlobalSection(SolutionProperties) = preSolution
		HideSolutionNode = FALSE
	EndGlobalSection
	GlobalSection(ExtensibilityGlobals) = postSolution
		SolutionGuid = {DA73C44C-4B32-4988-BED6-551AF891E887}
	EndGlobalSection
EndGlobal
